Microsoft Visual Studio Solution File, Format Version 12.00
# Visual Studio Version 17
VisualStudioVersion = 17.10.35122.118
MinimumVisualStudioVersion = 10.0.40219.1
Project("{2150E333-8FDC-42A3-9474-1A3956D46DE8}") = "_Solution Items", "_Solution Items", "{0A60008D-2DE9-45C1-985B-FB1993ECFA89}"
	ProjectSection(SolutionItems) = preProject
		.editorconfig = .editorconfig
		docker-compose.yaml = docker-compose.yaml
		README.md = README.md
		StyleCop.props = StyleCop.props
	EndProjectSection
EndProject
Project("{2150E333-8FDC-42A3-9474-1A3956D46DE8}") = "src", "src", "{95A0FF45-6596-45F9-984D-A1E1AD27AB51}"
EndProject
Project("{2150E333-8FDC-42A3-9474-1A3956D46DE8}") = "tests", "tests", "{67519B42-5BCC-48F9-BA45-CF3C6169AC54}"
EndProject
Project("{9A19103F-16F7-4668-BE54-9A1E7A4F7556}") = "ThunderPay.Domain", "src\ThunderPay.Domain\ThunderPay.Domain.csproj", "{C33EA998-C211-4A32-90E5-1A1CE8F2ED29}"
EndProject
Project("{9A19103F-16F7-4668-BE54-9A1E7A4F7556}") = "ThunderPay.Database", "src\ThunderPay.Database\ThunderPay.Database.csproj", "{5396FB83-BD55-4D9D-8281-F7A419836E75}"
EndProject
Project("{9A19103F-16F7-4668-BE54-9A1E7A4F7556}") = "ThunderPay.Application", "src\ThunderPay.Application\ThunderPay.Application.csproj", "{2147B0FF-03C7-455B-9DA9-732AA65153E7}"
EndProject
Project("{9A19103F-16F7-4668-BE54-9A1E7A4F7556}") = "ThunderPay.Server", "src\ThunderPay.Server\ThunderPay.Server.csproj", "{F8D68125-1BED-4579-BAB7-9A64BB2D7457}"
EndProject
Global
	GlobalSection(SolutionConfigurationPlatforms) = preSolution
		Debug|Any CPU = Debug|Any CPU
		Release|Any CPU = Release|Any CPU
	EndGlobalSection
	GlobalSection(ProjectConfigurationPlatforms) = postSolution
		{C33EA998-C211-4A32-90E5-1A1CE8F2ED29}.Debug|Any CPU.ActiveCfg = Debug|Any CPU
		{C33EA998-C211-4A32-90E5-1A1CE8F2ED29}.Debug|Any CPU.Build.0 = Debug|Any CPU
		{C33EA998-C211-4A32-90E5-1A1CE8F2ED29}.Release|Any CPU.ActiveCfg = Release|Any CPU
		{C33EA998-C211-4A32-90E5-1A1CE8F2ED29}.Release|Any CPU.Build.0 = Release|Any CPU
		{5396FB83-BD55-4D9D-8281-F7A419836E75}.Debug|Any CPU.ActiveCfg = Debug|Any CPU
		{5396FB83-BD55-4D9D-8281-F7A419836E75}.Debug|Any CPU.Build.0 = Debug|Any CPU
		{5396FB83-BD55-4D9D-8281-F7A419836E75}.Release|Any CPU.ActiveCfg = Release|Any CPU
		{5396FB83-BD55-4D9D-8281-F7A419836E75}.Release|Any CPU.Build.0 = Release|Any CPU
		{2147B0FF-03C7-455B-9DA9-732AA65153E7}.Debug|Any CPU.ActiveCfg = Debug|Any CPU
		{2147B0FF-03C7-455B-9DA9-732AA65153E7}.Debug|Any CPU.Build.0 = Debug|Any CPU
		{2147B0FF-03C7-455B-9DA9-732AA65153E7}.Release|Any CPU.ActiveCfg = Release|Any CPU
		{2147B0FF-03C7-455B-9DA9-732AA65153E7}.Release|Any CPU.Build.0 = Release|Any CPU
		{F8D68125-1BED-4579-BAB7-9A64BB2D7457}.Debug|Any CPU.ActiveCfg = Debug|Any CPU
		{F8D68125-1BED-4579-BAB7-9A64BB2D7457}.Debug|Any CPU.Build.0 = Debug|Any CPU
		{F8D68125-1BED-4579-BAB7-9A64BB2D7457}.Release|Any CPU.ActiveCfg = Release|Any CPU
		{F8D68125-1BED-4579-BAB7-9A64BB2D7457}.Release|Any CPU.Build.0 = Release|Any CPU
	EndGlobalSection
	GlobalSection(SolutionProperties) = preSolution
		HideSolutionNode = FALSE
	EndGlobalSection
	GlobalSection(NestedProjects) = preSolution
		{C33EA998-C211-4A32-90E5-1A1CE8F2ED29} = {95A0FF45-6596-45F9-984D-A1E1AD27AB51}
		{5396FB83-BD55-4D9D-8281-F7A419836E75} = {95A0FF45-6596-45F9-984D-A1E1AD27AB51}
		{2147B0FF-03C7-455B-9DA9-732AA65153E7} = {95A0FF45-6596-45F9-984D-A1E1AD27AB51}
		{F8D68125-1BED-4579-BAB7-9A64BB2D7457} = {95A0FF45-6596-45F9-984D-A1E1AD27AB51}
	EndGlobalSection
	GlobalSection(ExtensibilityGlobals) = postSolution
		SolutionGuid = {6362A830-3804-4ABB-ADD8-6E112023CB6A}
	EndGlobalSection
EndGlobal
